github.com/SSSOCPaulCote/blunderguard v0.0.0-20220610065926-c8c4f02dd9c6 h1:49xHvVrKP89o+nZhPe273skmyYp65HSEGx45Dqro+w0=
github.com/SSSOCPaulCote/blunderguard v0.0.0-20220610065926-c8c4f02dd9c6/go.mod h1:QmPQSk28XTjXldnFMmKGnYtux+oAI7n4h+VmXqi6Edg=
github.com/SSSOCPaulCote/blunderguard v0.0.0-20220611160827-401cd5c1610a h1:lloMlsBR6U0EIx/KuVkwsP6/I3Ci6M4jiKjZAKOQTks=
github.com/SSSOCPaulCote/blunderguard v0.0.0-20220611160827-401cd5c1610a/go.mod h1:QmPQSk28XTjXldnFMmKGnYtux+oAI7n4h+VmXqi6Edg=
